
Microsoft Visual Studio Solution File, Format Version 12.00
# Visual Studio Version 17
VisualStudioVersion = 17.6.33723.286
MinimumVisualStudioVersion = 10.0.40219.1
Project("{FAE04EC0-301F-11D3-BF4B-00C04F79EFBC}") = "ClassDog", "ClassDog\ClassDog.csproj", "{D30EDC00-E007-48E7-AF1B-1D034F348B91}"
EndProject
Global
	GlobalSection(SolutionConfigurationPlatforms) = preSolution
		Debug|Any CPU = Debug|Any CPU
		Release|Any CPU = Release|Any CPU
	EndGlobalSection
	GlobalSection(ProjectConfigurationPlatforms) = postSolution
		{D30EDC00-E007-48E7-AF1B-1D034F348B91}.Debug|Any CPU.ActiveCfg = Debug|Any CPU
		{D30EDC00-E007-48E7-AF1B-1D034F348B91}.Debug|Any CPU.Build.0 = Debug|Any CPU
		{D30EDC00-E007-48E7-AF1B-1D034F348B91}.Release|Any CPU.ActiveCfg = Release|Any CPU
		{D30EDC00-E007-48E7-AF1B-1D034F348B91}.Release|Any CPU.Build.0 = Release|Any CPU
	EndGlobalSection
	GlobalSection(SolutionProperties) = preSolution
		HideSolutionNode = FALSE
	EndGlobalSection
	GlobalSection(ExtensibilityGlobals) = postSolution
		SolutionGuid = {95FBB3D6-6965-4D74-A804-B69682924C3F}
	EndGlobalSection
EndGlobal
